// !$*UTF8*$!
{
	archiveVersion = 1;
	classes = {
	};
	objectVersion = 51;
	objects = {

/* Begin PBXBuildFile section */
		63275C18EB57C4CFDA18D253 /* Pods_Lendor.framework in Frameworks */ = {isa = PBXBuildFile; fileRef = F3541017A14D5772DC4F9787 /* Pods_Lendor.framework */; };
		CD26D51B2492CD69009014CD /* AppDelegate.swift in Sources */ = {isa = PBXBuildFile; fileRef = CD26D51A2492CD69009014CD /* AppDelegate.swift */; };
		CD26D51D2492CD69009014CD /* SceneDelegate.swift in Sources */ = {isa = PBXBuildFile; fileRef = CD26D51C2492CD69009014CD /* SceneDelegate.swift */; };
		CD26D51F2492CD69009014CD /* ViewController.swift in Sources */ = {isa = PBXBuildFile; fileRef = CD26D51E2492CD69009014CD /* ViewController.swift */; };
		CD26D5222492CD69009014CD /* Main.storyboard in Resources */ = {isa = PBXBuildFile; fileRef = CD26D5202492CD69009014CD /* Main.storyboard */; };
		CD26D5242492CD6A009014CD /* Assets.xcassets in Resources */ = {isa = PBXBuildFile; fileRef = CD26D5232492CD6A009014CD /* Assets.xcassets */; };
		CD26D5272492CD6A009014CD /* LaunchScreen.storyboard in Resources */ = {isa = PBXBuildFile; fileRef = CD26D5252492CD6A009014CD /* LaunchScreen.storyboard */; };
		CD2B0BFE24B904FF006F9DB0 /* OweMeDetailsVC.swift in Sources */ = {isa = PBXBuildFile; fileRef = CD2B0BFD24B904FF006F9DB0 /* OweMeDetailsVC.swift */; };
		CD45223A2496368F00140E7D /* OweMeVC.swift in Sources */ = {isa = PBXBuildFile; fileRef = CD4522392496368F00140E7D /* OweMeVC.swift */; };
		CD5BC7462498280D0065D556 /* IOweVC.swift in Sources */ = {isa = PBXBuildFile; fileRef = CD5BC7452498280D0065D556 /* IOweVC.swift */; };
		CDDEF93624A689C300EC325A /* OweMeItem.swift in Sources */ = {isa = PBXBuildFile; fileRef = CDDEF93524A689C300EC325A /* OweMeItem.swift */; };
		CDDEF93824A689E200EC325A /* OweMe.swift in Sources */ = {isa = PBXBuildFile; fileRef = CDDEF93724A689E200EC325A /* OweMe.swift */; };
		CDDEF93B24A69CA200EC325A /* IOwe.swift in Sources */ = {isa = PBXBuildFile; fileRef = CDDEF93A24A69CA200EC325A /* IOwe.swift */; };
		CDDEF93D24A69CCF00EC325A /* IOweItem.swift in Sources */ = {isa = PBXBuildFile; fileRef = CDDEF93C24A69CCF00EC325A /* IOweItem.swift */; };
/* End PBXBuildFile section */

/* Begin PBXFileReference section */
		0190E43DEA12817C3DCC5BA1 /* Pods-Lendor.release.xcconfig */ = {isa = PBXFileReference; includeInIndex = 1; lastKnownFileType = text.xcconfig; name = "Pods-Lendor.release.xcconfig"; path = "Target Support Files/Pods-Lendor/Pods-Lendor.release.xcconfig"; sourceTree = "<group>"; };
		17D36454E7A0741379D281AB /* Pods-Lendor.debug.xcconfig */ = {isa = PBXFileReference; includeInIndex = 1; lastKnownFileType = text.xcconfig; name = "Pods-Lendor.debug.xcconfig"; path = "Target Support Files/Pods-Lendor/Pods-Lendor.debug.xcconfig"; sourceTree = "<group>"; };
		CD26D5172492CD69009014CD /* Lendor.app */ = {isa = PBXFileReference; explicitFileType = wrapper.application; includeInIndex = 0; path = Lendor.app; sourceTree = BUILT_PRODUCTS_DIR; };
		CD26D51A2492CD69009014CD /* AppDelegate.swift */ = {isa = PBXFileReference; lastKnownFileType = sourcecode.swift; path = AppDelegate.swift; sourceTree = "<group>"; };
		CD26D51C2492CD69009014CD /* SceneDelegate.swift */ = {isa = PBXFileReference; lastKnownFileType = sourcecode.swift; path = SceneDelegate.swift; sourceTree = "<group>"; };
		CD26D51E2492CD69009014CD /* ViewController.swift */ = {isa = PBXFileReference; lastKnownFileType = sourcecode.swift; path = ViewController.swift; sourceTree = "<group>"; };
		CD26D5212492CD69009014CD /* Base */ = {isa = PBXFileReference; lastKnownFileType = file.storyboard; name = Base; path = Base.lproj/Main.storyboard; sourceTree = "<group>"; };
		CD26D5232492CD6A009014CD /* Assets.xcassets */ = {isa = PBXFileReference; lastKnownFileType = folder.assetcatalog; path = Assets.xcassets; sourceTree = "<group>"; };
		CD26D5262492CD6A009014CD /* Base */ = {isa = PBXFileReference; lastKnownFileType = file.storyboard; name = Base; path = Base.lproj/LaunchScreen.storyboard; sourceTree = "<group>"; };
		CD26D5282492CD6A009014CD /* Info.plist */ = {isa = PBXFileReference; lastKnownFileType = text.plist.xml; path = Info.plist; sourceTree = "<group>"; };
		CD2B0BFD24B904FF006F9DB0 /* OweMeDetailsVC.swift */ = {isa = PBXFileReference; lastKnownFileType = sourcecode.swift; path = OweMeDetailsVC.swift; sourceTree = "<group>"; };
		CD4522392496368F00140E7D /* OweMeVC.swift */ = {isa = PBXFileReference; lastKnownFileType = sourcecode.swift; path = OweMeVC.swift; sourceTree = "<group>"; };
		CD5BC7452498280D0065D556 /* IOweVC.swift */ = {isa = PBXFileReference; lastKnownFileType = sourcecode.swift; path = IOweVC.swift; sourceTree = "<group>"; };
		CDDEF93524A689C300EC325A /* OweMeItem.swift */ = {isa = PBXFileReference; lastKnownFileType = sourcecode.swift; path = OweMeItem.swift; sourceTree = "<group>"; };
		CDDEF93724A689E200EC325A /* OweMe.swift */ = {isa = PBXFileReference; lastKnownFileType = sourcecode.swift; path = OweMe.swift; sourceTree = "<group>"; };
		CDDEF93A24A69CA200EC325A /* IOwe.swift */ = {isa = PBXFileReference; lastKnownFileType = sourcecode.swift; path = IOwe.swift; sourceTree = "<group>"; };
		CDDEF93C24A69CCF00EC325A /* IOweItem.swift */ = {isa = PBXFileReference; lastKnownFileType = sourcecode.swift; path = IOweItem.swift; sourceTree = "<group>"; };
		F3541017A14D5772DC4F9787 /* Pods_Lendor.framework */ = {isa = PBXFileReference; explicitFileType = wrapper.framework; includeInIndex = 0; path = Pods_Lendor.framework; sourceTree = BUILT_PRODUCTS_DIR; };
/* End PBXFileReference section */

/* Begin PBXFrameworksBuildPhase section */
		CD26D5142492CD69009014CD /* Frameworks */ = {
			isa = PBXFrameworksBuildPhase;
			buildActionMask = 2147483647;
			files = (
				63275C18EB57C4CFDA18D253 /* Pods_Lendor.framework in Frameworks */,
			);
			runOnlyForDeploymentPostprocessing = 0;
		};
/* End PBXFrameworksBuildPhase section */

/* Begin PBXGroup section */
		9D371D14BFDFF8B116EBBE43 /* Frameworks */ = {
			isa = PBXGroup;
			children = (
				F3541017A14D5772DC4F9787 /* Pods_Lendor.framework */,
			);
			name = Frameworks;
			sourceTree = "<group>";
		};
		CD26D50E2492CD69009014CD = {
			isa = PBXGroup;
			children = (
				CD26D5192492CD69009014CD /* Lendor */,
				CD26D5182492CD69009014CD /* Products */,
				F389EB159EBCA0990D04821E /* Pods */,
				9D371D14BFDFF8B116EBBE43 /* Frameworks */,
			);
			sourceTree = "<group>";
		};
		CD26D5182492CD69009014CD /* Products */ = {
			isa = PBXGroup;
			children = (
				CD26D5172492CD69009014CD /* Lendor.app */,
			);
			name = Products;
			sourceTree = "<group>";
		};
		CD26D5192492CD69009014CD /* Lendor */ = {
			isa = PBXGroup;
			children = (
				CD26D51A2492CD69009014CD /* AppDelegate.swift */,
				CD26D51C2492CD69009014CD /* SceneDelegate.swift */,
				CD26D5282492CD6A009014CD /* Info.plist */,
				CD3E71B4249EBFBF00DD7BD5 /* Models */,
				CD783DB524A678C30089A975 /* Views */,
				CD783DB424A678A20089A975 /* Controllers */,
				CD628EFB24A807DB00718D7C /* Supporting Files */,
			);
			path = Lendor;
			sourceTree = "<group>";
		};
		CD3E71B4249EBFBF00DD7BD5 /* Models */ = {
			isa = PBXGroup;
			children = (
				CDDEF93224A6873F00EC325A /* Data */,
			);
			path = Models;
			sourceTree = "<group>";
		};
		CD628EFB24A807DB00718D7C /* Supporting Files */ = {
			isa = PBXGroup;
			children = (
				CD26D5252492CD6A009014CD /* LaunchScreen.storyboard */,
				CD26D5232492CD6A009014CD /* Assets.xcassets */,
			);
			path = "Supporting Files";
			sourceTree = "<group>";
		};
		CD783DB424A678A20089A975 /* Controllers */ = {
			isa = PBXGroup;
			children = (
				CD26D51E2492CD69009014CD /* ViewController.swift */,
				CD4522392496368F00140E7D /* OweMeVC.swift */,
				CD5BC7452498280D0065D556 /* IOweVC.swift */,
				CD2B0BFD24B904FF006F9DB0 /* OweMeDetailsVC.swift */,
			);
			path = Controllers;
			sourceTree = "<group>";
		};
		CD783DB524A678C30089A975 /* Views */ = {
			isa = PBXGroup;
			children = (
				CD26D5202492CD69009014CD /* Main.storyboard */,
			);
			path = Views;
			sourceTree = "<group>";
		};
		CDDEF93224A6873F00EC325A /* Data */ = {
			isa = PBXGroup;
			children = (
				CDDEF93924A69C4100EC325A /* Owe Me */,
				CDDEF93E24A6AC8600EC325A /* I Owe */,
			);
			path = Data;
			sourceTree = "<group>";
		};
		CDDEF93924A69C4100EC325A /* Owe Me */ = {
			isa = PBXGroup;
			children = (
				CDDEF93724A689E200EC325A /* OweMe.swift */,
				CDDEF93524A689C300EC325A /* OweMeItem.swift */,
			);
			path = "Owe Me";
			sourceTree = "<group>";
		};
		CDDEF93E24A6AC8600EC325A /* I Owe */ = {
			isa = PBXGroup;
			children = (
				CDDEF93A24A69CA200EC325A /* IOwe.swift */,
				CDDEF93C24A69CCF00EC325A /* IOweItem.swift */,
			);
			path = "I Owe";
			sourceTree = "<group>";
		};
		F389EB159EBCA0990D04821E /* Pods */ = {
			isa = PBXGroup;
			children = (
				17D36454E7A0741379D281AB /* Pods-Lendor.debug.xcconfig */,
				0190E43DEA12817C3DCC5BA1 /* Pods-Lendor.release.xcconfig */,
			);
			path = Pods;
			sourceTree = "<group>";
		};
/* End PBXGroup section */

/* Begin PBXNativeTarget section */
		CD26D5162492CD69009014CD /* Lendor */ = {
			isa = PBXNativeTarget;
			buildConfigurationList = CD26D52B2492CD6A009014CD /* Build configuration list for PBXNativeTarget "Lendor" */;
			buildPhases = (
				469C5FED58D036D4321447C9 /* [CP] Check Pods Manifest.lock */,
				CD26D5132492CD69009014CD /* Sources */,
				CD26D5142492CD69009014CD /* Frameworks */,
				CD26D5152492CD69009014CD /* Resources */,
				FA62424632301A65379C302B /* [CP] Embed Pods Frameworks */,
			);
			buildRules = (
			);
			dependencies = (
			);
			name = Lendor;
			productName = Lendor;
			productReference = CD26D5172492CD69009014CD /* Lendor.app */;
			productType = "com.apple.product-type.application";
		};
/* End PBXNativeTarget section */

/* Begin PBXProject section */
		CD26D50F2492CD69009014CD /* Project object */ = {
			isa = PBXProject;
			attributes = {
				LastSwiftUpdateCheck = 1150;
				LastUpgradeCheck = 1150;
				ORGANIZATIONNAME = mvnBits;
				TargetAttributes = {
					CD26D5162492CD69009014CD = {
						CreatedOnToolsVersion = 11.5;
					};
				};
			};
			buildConfigurationList = CD26D5122492CD69009014CD /* Build configuration list for PBXProject "Lendor" */;
			compatibilityVersion = "Xcode 9.3";
			developmentRegion = en;
			hasScannedForEncodings = 0;
			knownRegions = (
				en,
				Base,
			);
			mainGroup = CD26D50E2492CD69009014CD;
			productRefGroup = CD26D5182492CD69009014CD /* Products */;
			projectDirPath = "";
			projectRoot = "";
			targets = (
				CD26D5162492CD69009014CD /* Lendor */,
			);
		};
/* End PBXProject section */

/* Begin PBXResourcesBuildPhase section */
		CD26D5152492CD69009014CD /* Resources */ = {
			isa = PBXResourcesBuildPhase;
			buildActionMask = 2147483647;
			files = (
				CD26D5272492CD6A009014CD /* LaunchScreen.storyboard in Resources */,
				CD26D5242492CD6A009014CD /* Assets.xcassets in Resources */,
				CD26D5222492CD69009014CD /* Main.storyboard in Resources */,
			);
			runOnlyForDeploymentPostprocessing = 0;
		};
/* End PBXResourcesBuildPhase section */

/* Begin PBXShellScriptBuildPhase section */
		469C5FED58D036D4321447C9 /* [CP] Check Pods Manifest.lock */ = {
			isa = PBXShellScriptBuildPhase;
			buildActionMask = 2147483647;
			files = (
			);
			inputFileListPaths = (
			);
			inputPaths = (
				"${PODS_PODFILE_DIR_PATH}/Podfile.lock",
				"${PODS_ROOT}/Manifest.lock",
			);
			name = "[CP] Check Pods Manifest.lock";
			outputFileListPaths = (
			);
			outputPaths = (
				"$(DERIVED_FILE_DIR)/Pods-Lendor-checkManifestLockResult.txt",
			);
			runOnlyForDeploymentPostprocessing = 0;
			shellPath = /bin/sh;
			shellScript = "diff \"${PODS_PODFILE_DIR_PATH}/Podfile.lock\" \"${PODS_ROOT}/Manifest.lock\" > /dev/null\nif [ $? != 0 ] ; then\n    # print error to STDERR\n    echo \"error: The sandbox is not in sync with the Podfile.lock. Run 'pod install' or update your CocoaPods installation.\" >&2\n    exit 1\nfi\n# This output is used by Xcode 'outputs' to avoid re-running this script phase.\necho \"SUCCESS\" > \"${SCRIPT_OUTPUT_FILE_0}\"\n";
			showEnvVarsInLog = 0;
		};
		FA62424632301A65379C302B /* [CP] Embed Pods Frameworks */ = {
			isa = PBXShellScriptBuildPhase;
			buildActionMask = 2147483647;
			files = (
			);
			inputFileListPaths = (
				"${PODS_ROOT}/Target Support Files/Pods-Lendor/Pods-Lendor-frameworks-${CONFIGURATION}-input-files.xcfilelist",
			);
			name = "[CP] Embed Pods Frameworks";
			outputFileListPaths = (
				"${PODS_ROOT}/Target Support Files/Pods-Lendor/Pods-Lendor-frameworks-${CONFIGURATION}-output-files.xcfilelist",
			);
			runOnlyForDeploymentPostprocessing = 0;
			shellPath = /bin/sh;
			shellScript = "\"${PODS_ROOT}/Target Support Files/Pods-Lendor/Pods-Lendor-frameworks.sh\"\n";
			showEnvVarsInLog = 0;
		};
/* End PBXShellScriptBuildPhase section */

/* Begin PBXSourcesBuildPhase section */
		CD26D5132492CD69009014CD /* Sources */ = {
			isa = PBXSourcesBuildPhase;
			buildActionMask = 2147483647;
			files = (
				CDDEF93D24A69CCF00EC325A /* IOweItem.swift in Sources */,
				CD5BC7462498280D0065D556 /* IOweVC.swift in Sources */,
				CDDEF93B24A69CA200EC325A /* IOwe.swift in Sources */,
				CD26D51F2492CD69009014CD /* ViewController.swift in Sources */,
				CDDEF93824A689E200EC325A /* OweMe.swift in Sources */,
				CD26D51B2492CD69009014CD /* AppDelegate.swift in Sources */,
				CD45223A2496368F00140E7D /* OweMeVC.swift in Sources */,
				CD2B0BFE24B904FF006F9DB0 /* OweMeDetailsVC.swift in Sources */,
				CD26D51D2492CD69009014CD /* SceneDelegate.swift in Sources */,
				CDDEF93624A689C300EC325A /* OweMeItem.swift in Sources */,
			);
			runOnlyForDeploymentPostprocessing = 0;
		};
/* End PBXSourcesBuildPhase section */

/* Begin PBXVariantGroup section */
		CD26D5202492CD69009014CD /* Main.storyboard */ = {
			isa = PBXVariantGroup;
			children = (
				CD26D5212492CD69009014CD /* Base */,
			);
			name = Main.storyboard;
			sourceTree = "<group>";
		};
		CD26D5252492CD6A009014CD /* LaunchScreen.storyboard */ = {
			isa = PBXVariantGroup;
			children = (
				CD26D5262492CD6A009014CD /* Base */,
			);
			name = LaunchScreen.storyboard;
			sourceTree = "<group>";
		};
/* End PBXVariantGroup section */

/* Begin XCBuildConfiguration section */
		CD26D5292492CD6A009014CD /* Debug */ = {
			isa = XCBuildConfiguration;
			buildSettings = {
				ALWAYS_SEARCH_USER_PATHS = NO;
				CLANG_ANALYZER_NONNULL = YES;
				CLANG_ANALYZER_NUMBER_OBJECT_CONVERSION = YES_AGGRESSIVE;
				CLANG_CXX_LANGUAGE_STANDARD = "gnu++14";
				CLANG_CXX_LIBRARY = "libc++";
				CLANG_ENABLE_MODULES = YES;
				CLANG_ENABLE_OBJC_ARC = YES;
				CLANG_ENABLE_OBJC_WEAK = YES;
				CLANG_WARN_BLOCK_CAPTURE_AUTORELEASING = YES;
				CLANG_WARN_BOOL_CONVERSION = YES;
				CLANG_WARN_COMMA = YES;
				CLANG_WARN_CONSTANT_CONVERSION = YES;
				CLANG_WARN_DEPRECATED_OBJC_IMPLEMENTATIONS = YES;
				CLANG_WARN_DIRECT_OBJC_ISA_USAGE = YES_ERROR;
				CLANG_WARN_DOCUMENTATION_COMMENTS = YES;
				CLANG_WARN_EMPTY_BODY = YES;
				CLANG_WARN_ENUM_CONVERSION = YES;
				CLANG_WARN_INFINITE_RECURSION = YES;
				CLANG_WARN_INT_CONVERSION = YES;
				CLANG_WARN_NON_LITERAL_NULL_CONVERSION = YES;
				CLANG_WARN_OBJC_IMPLICIT_RETAIN_SELF = YES;
				CLANG_WARN_OBJC_LITERAL_CONVERSION = YES;
				CLANG_WARN_OBJC_ROOT_CLASS = YES_ERROR;
				CLANG_WARN_RANGE_LOOP_ANALYSIS = YES;
				CLANG_WARN_STRICT_PROTOTYPES = YES;
				CLANG_WARN_SUSPICIOUS_MOVE = YES;
				CLANG_WARN_UNGUARDED_AVAILABILITY = YES_AGGRESSIVE;
				CLANG_WARN_UNREACHABLE_CODE = YES;
				CLANG_WARN__DUPLICATE_METHOD_MATCH = YES;
				COPY_PHASE_STRIP = NO;
				DEBUG_INFORMATION_FORMAT = dwarf;
				ENABLE_STRICT_OBJC_MSGSEND = YES;
				ENABLE_TESTABILITY = YES;
				GCC_C_LANGUAGE_STANDARD = gnu11;
				GCC_DYNAMIC_NO_PIC = NO;
				GCC_NO_COMMON_BLOCKS = YES;
				GCC_OPTIMIZATION_LEVEL = 0;
				GCC_PREPROCESSOR_DEFINITIONS = (
					"DEBUG=1",
					"$(inherited)",
				);
				GCC_WARN_64_TO_32_BIT_CONVERSION = YES;
				GCC_WARN_ABOUT_RETURN_TYPE = YES_ERROR;
				GCC_WARN_UNDECLARED_SELECTOR = YES;
				GCC_WARN_UNINITIALIZED_AUTOS = YES_AGGRESSIVE;
				GCC_WARN_UNUSED_FUNCTION = YES;
				GCC_WARN_UNUSED_VARIABLE = YES;
				IPHONEOS_DEPLOYMENT_TARGET = 13.5;
				MTL_ENABLE_DEBUG_INFO = INCLUDE_SOURCE;
				MTL_FAST_MATH = YES;
				ONLY_ACTIVE_ARCH = YES;
				SDKROOT = iphoneos;
				SWIFT_ACTIVE_COMPILATION_CONDITIONS = DEBUG;
				SWIFT_OPTIMIZATION_LEVEL = "-Onone";
			};
			name = Debug;
		};
		CD26D52A2492CD6A009014CD /* Release */ = {
			isa = XCBuildConfiguration;
			buildSettings = {
				ALWAYS_SEARCH_USER_PATHS = NO;
				CLANG_ANALYZER_NONNULL = YES;
				CLANG_ANALYZER_NUMBER_OBJECT_CONVERSION = YES_AGGRESSIVE;
				CLANG_CXX_LANGUAGE_STANDARD = "gnu++14";
				CLANG_CXX_LIBRARY = "libc++";
				CLANG_ENABLE_MODULES = YES;
				CLANG_ENABLE_OBJC_ARC = YES;
				CLANG_ENABLE_OBJC_WEAK = YES;
				CLANG_WARN_BLOCK_CAPTURE_AUTORELEASING = YES;
				CLANG_WARN_BOOL_CONVERSION = YES;
				CLANG_WARN_COMMA = YES;
				CLANG_WARN_CONSTANT_CONVERSION = YES;
				CLANG_WARN_DEPRECATED_OBJC_IMPLEMENTATIONS = YES;
				CLANG_WARN_DIRECT_OBJC_ISA_USAGE = YES_ERROR;
				CLANG_WARN_DOCUMENTATION_COMMENTS = YES;
				CLANG_WARN_EMPTY_BODY = YES;
				CLANG_WARN_ENUM_CONVERSION = YES;
				CLANG_WARN_INFINITE_RECURSION = YES;
				CLANG_WARN_INT_CONVERSION = YES;
				CLANG_WARN_NON_LITERAL_NULL_CONVERSION = YES;
				CLANG_WARN_OBJC_IMPLICIT_RETAIN_SELF = YES;
				CLANG_WARN_OBJC_LITERAL_CONVERSION = YES;
				CLANG_WARN_OBJC_ROOT_CLASS = YES_ERROR;
				CLANG_WARN_RANGE_LOOP_ANALYSIS = YES;
				CLANG_WARN_STRICT_PROTOTYPES = YES;
				CLANG_WARN_SUSPICIOUS_MOVE = YES;
				CLANG_WARN_UNGUARDED_AVAILABILITY = YES_AGGRESSIVE;
				CLANG_WARN_UNREACHABLE_CODE = YES;
				CLANG_WARN__DUPLICATE_METHOD_MATCH = YES;
				COPY_PHASE_STRIP = NO;
				DEBUG_INFORMATION_FORMAT = "dwarf-with-dsym";
				ENABLE_NS_ASSERTIONS = NO;
				ENABLE_STRICT_OBJC_MSGSEND = YES;
				GCC_C_LANGUAGE_STANDARD = gnu11;
				GCC_NO_COMMON_BLOCKS = YES;
				GCC_WARN_64_TO_32_BIT_CONVERSION = YES;
				GCC_WARN_ABOUT_RETURN_TYPE = YES_ERROR;
				GCC_WARN_UNDECLARED_SELECTOR = YES;
				GCC_WARN_UNINITIALIZED_AUTOS = YES_AGGRESSIVE;
				GCC_WARN_UNUSED_FUNCTION = YES;
				GCC_WARN_UNUSED_VARIABLE = YES;
				IPHONEOS_DEPLOYMENT_TARGET = 13.5;
				MTL_ENABLE_DEBUG_INFO = NO;
				MTL_FAST_MATH = YES;
				SDKROOT = iphoneos;
				SWIFT_COMPILATION_MODE = wholemodule;
				SWIFT_OPTIMIZATION_LEVEL = "-O";
				VALIDATE_PRODUCT = YES;
			};
			name = Release;
		};
		CD26D52C2492CD6A009014CD /* Debug */ = {
			isa = XCBuildConfiguration;
			baseConfigurationReference = 17D36454E7A0741379D281AB /* Pods-Lendor.debug.xcconfig */;
			buildSettings = {
				ASSETCATALOG_COMPILER_APPICON_NAME = AppIcon;
				CODE_SIGN_STYLE = Automatic;
				DEVELOPMENT_TEAM = CBN4P2C6D4;
				INFOPLIST_FILE = Lendor/Info.plist;
				IPHONEOS_DEPLOYMENT_TARGET = 13.0;
				LD_RUNPATH_SEARCH_PATHS = (
					"$(inherited)",
					"@executable_path/Frameworks",
				);
				PRODUCT_BUNDLE_IDENTIFIER = io.mvnBits.Lendor;
				PRODUCT_NAME = "$(TARGET_NAME)";
				SWIFT_VERSION = 5.0;
				TARGETED_DEVICE_FAMILY = "1,2";
			};
			name = Debug;
		};
		CD26D52D2492CD6A009014CD /* Release */ = {
			isa = XCBuildConfiguration;
			baseConfigurationReference = 0190E43DEA12817C3DCC5BA1 /* Pods-Lendor.release.xcconfig */;
			buildSettings = {
				ASSETCATALOG_COMPILER_APPICON_NAME = AppIcon;
				CODE_SIGN_STYLE = Automatic;
				DEVELOPMENT_TEAM = CBN4P2C6D4;
				INFOPLIST_FILE = Lendor/Info.plist;
				IPHONEOS_DEPLOYMENT_TARGET = 13.0;
				LD_RUNPATH_SEARCH_PATHS = (
					"$(inherited)",
					"@executable_path/Frameworks",
				);
				PRODUCT_BUNDLE_IDENTIFIER = io.mvnBits.Lendor;
				PRODUCT_NAME = "$(TARGET_NAME)";
				SWIFT_VERSION = 5.0;
				TARGETED_DEVICE_FAMILY = "1,2";
			};
			name = Release;
		};
/* End XCBuildConfiguration section */

/* Begin XCConfigurationList section */
		CD26D5122492CD69009014CD /* Build configuration list for PBXProject "Lendor" */ = {
			isa = XCConfigurationList;
			buildConfigurations = (
				CD26D5292492CD6A009014CD /* Debug */,
				CD26D52A2492CD6A009014CD /* Release */,
			);
			defaultConfigurationIsVisible = 0;
			defaultConfigurationName = Release;
		};
		CD26D52B2492CD6A009014CD /* Build configuration list for PBXNativeTarget "Lendor" */ = {
			isa = XCConfigurationList;
			buildConfigurations = (
				CD26D52C2492CD6A009014CD /* Debug */,
				CD26D52D2492CD6A009014CD /* Release */,
			);
			defaultConfigurationIsVisible = 0;
			defaultConfigurationName = Release;
		};
/* End XCConfigurationList section */
	};
	rootObject = CD26D50F2492CD69009014CD /* Project object */;
}
